
Microsoft Visual Studio Solution File, Format Version 12.00
# Visual Studio Version 16
VisualStudioVersion = 16.0.33214.272
MinimumVisualStudioVersion = 10.0.40219.1
Project("{FAE04EC0-301F-11D3-BF4B-00C04F79EFBC}") = "3333_ConnerA_Lab02", "3333_ConnerA_Lab02\3333_ConnerA_Lab02.csproj", "{31E6E1F7-183C-4950-AA42-DB3C145702AB}"
EndProject
Global
	GlobalSection(SolutionConfigurationPlatforms) = preSolution
		Debug|Any CPU = Debug|Any CPU
		Release|Any CPU = Release|Any CPU
	EndGlobalSection
	GlobalSection(ProjectConfigurationPlatforms) = postSolution
		{31E6E1F7-183C-4950-AA42-DB3C145702AB}.Debug|Any CPU.ActiveCfg = Debug|Any CPU
		{31E6E1F7-183C-4950-AA42-DB3C145702AB}.Debug|Any CPU.Build.0 = Debug|Any CPU
		{31E6E1F7-183C-4950-AA42-DB3C145702AB}.Release|Any CPU.ActiveCfg = Release|Any CPU
		{31E6E1F7-183C-4950-AA42-DB3C145702AB}.Release|Any CPU.Build.0 = Release|Any CPU
	EndGlobalSection
	GlobalSection(SolutionProperties) = preSolution
		HideSolutionNode = FALSE
	EndGlobalSection
	GlobalSection(ExtensibilityGlobals) = postSolution
		SolutionGuid = {34A05D58-D0F5-47EB-8EF1-7E91B566C751}
	EndGlobalSection
EndGlobal
